{
    "_readme": [
        "This file locks the dependencies of your project to a known state",
        "Read more about it at https://getcomposer.org/doc/01-basic-usage.md#composer-lock-the-lock-file",
        "This file is @generated automatically"
    ],
    "hash": "4ac4034f791d400008c699a2d76fb727",
    "content-hash": "7b6858ad33ca9971edd7c9f83d618ea9",
    "packages": [
        {
            "name": "liip/rmt",
            "version": "1.1.9",
            "source": {
                "type": "git",
                "url": "https://github.com/liip/RMT.git",
                "reference": "81ecd50b0910a2e6a052e2d34f187922626c4e07"
            },
            "dist": {
                "type": "zip",
                "url": "https://api.github.com/repos/liip/RMT/zipball/81ecd50b0910a2e6a052e2d34f187922626c4e07",
                "reference": "81ecd50b0910a2e6a052e2d34f187922626c4e07",
                "shasum": ""
            },
            "require": {
                "php": ">=5.3.3",
                "sensiolabs/security-checker": "~2.0",
                "symfony/console": "~2.0",
                "symfony/process": "~2.0",
                "symfony/yaml": "~2.0",
                "vierbergenlars/php-semver": "~3.0"
            },
            "bin": [
                "RMT"
            ],
            "type": "library",
            "autoload": {
                "psr-0": {
                    "Liip": "src"
                }
            },
            "notification-url": "https://packagist.org/downloads/",
            "license": [
                "MIT"
            ],
            "authors": [
                {
                    "name": "Laurent Prodon",
                    "email": "laurent.prodon@liip.ch",
                    "role": "Developer"
                },
                {
                    "name": "David Jeanmonod",
                    "email": "david.jeanmonod@liip.ch",
                    "role": "Developer"
                }
            ],
            "description": "Release Managment Tool: a handy tool to help releasing new version of your software",
            "homepage": "http://github.com/liip/RMT",
            "keywords": [
                "post-release",
                "pre-release",
                "release",
                "semantic versioning",
                "vcs tag",
                "version"
            ],
            "time": "2015-05-06 20:11:13"
        },
        {
            "name": "namelesscoder/typo3-repository-client",
            "version": "1.1.1",
            "source": {
                "type": "git",
                "url": "https://github.com/NamelessCoder/typo3-repository-client.git",
                "reference": "39759d9d58aeee31d75f6657b4df79a6d81d53b6"
            },
            "dist": {
                "type": "zip",
                "url": "https://api.github.com/repos/NamelessCoder/typo3-repository-client/zipball/39759d9d58aeee31d75f6657b4df79a6d81d53b6",
                "reference": "39759d9d58aeee31d75f6657b4df79a6d81d53b6",
                "shasum": ""
            },
            "require-dev": {
                "mikey179/vfsstream": "~1.3.0",
                "phpunit/phpunit": "4.2.*",
                "satooshi/php-coveralls": "*"
            },
            "bin": [
                "bin/setversion",
                "bin/upload",
                "bin/rmversion"
            ],
            "type": "library",
            "autoload": {
                "psr-4": {
                    "NamelessCoder\\TYPO3RepositoryClient\\": "src/"
                }
            },
            "notification-url": "https://packagist.org/downloads/",
            "license": [
                "MIT"
            ],
            "authors": [
                {
                    "name": "Claus Due",
                    "email": "claus@namelesscoder.net"
                }
            ],
            "description": "Client for interacting with the official TYPO3 Extension Repository (TER). Contains API and CLI scripts.",
            "time": "2015-08-07 22:16:09"
        },
        {
            "name": "sensiolabs/security-checker",
            "version": "v2.0.5",
            "source": {
                "type": "git",
                "url": "https://github.com/sensiolabs/security-checker.git",
                "reference": "2c2a71f1c77d9765c12638c4724d9ca23658a810"
            },
            "dist": {
                "type": "zip",
                "url": "https://api.github.com/repos/sensiolabs/security-checker/zipball/2c2a71f1c77d9765c12638c4724d9ca23658a810",
                "reference": "2c2a71f1c77d9765c12638c4724d9ca23658a810",
                "shasum": ""
            },
            "require": {
                "ext-curl": "*",
                "symfony/console": "~2.0"
            },
            "bin": [
                "security-checker"
            ],
            "type": "library",
            "extra": {
                "branch-alias": {
                    "dev-master": "2.0-dev"
                }
            },
            "autoload": {
                "psr-0": {
                    "SensioLabs\\Security": ""
                }
            },
            "notification-url": "https://packagist.org/downloads/",
            "license": [
                "MIT"
            ],
            "authors": [
                {
                    "name": "Fabien Potencier",
                    "email": "fabien.potencier@gmail.com"
                }
            ],
            "description": "A security checker for your composer.lock",
            "time": "2015-05-28 14:22:40"
        },
        {
            "name": "symfony/console",
            "version": "v2.7.6",
            "source": {
                "type": "git",
                "url": "https://github.com/symfony/console.git",
                "reference": "5efd632294c8320ea52492db22292ff853a43766"
            },
            "dist": {
                "type": "zip",
                "url": "https://api.github.com/repos/symfony/console/zipball/5efd632294c8320ea52492db22292ff853a43766",
                "reference": "5efd632294c8320ea52492db22292ff853a43766",
                "shasum": ""
            },
            "require": {
                "php": ">=5.3.9"
            },
            "require-dev": {
                "psr/log": "~1.0",
                "symfony/event-dispatcher": "~2.1",
                "symfony/process": "~2.1"
            },
            "suggest": {
                "psr/log": "For using the console logger",
                "symfony/event-dispatcher": "",
                "symfony/process": ""
            },
            "type": "library",
            "extra": {
                "branch-alias": {
                    "dev-master": "2.7-dev"
                }
            },
            "autoload": {
                "psr-4": {
                    "Symfony\\Component\\Console\\": ""
                }
            },
            "notification-url": "https://packagist.org/downloads/",
            "license": [
                "MIT"
            ],
            "authors": [
                {
                    "name": "Fabien Potencier",
                    "email": "fabien@symfony.com"
                },
                {
                    "name": "Symfony Community",
                    "homepage": "https://symfony.com/contributors"
                }
            ],
            "description": "Symfony Console Component",
            "homepage": "https://symfony.com",
            "time": "2015-10-20 14:38:46"
        },
        {
            "name": "symfony/process",
            "version": "v2.7.6",
            "source": {
                "type": "git",
                "url": "https://github.com/symfony/process.git",
                "reference": "4a959dd4e19c2c5d7512689413921e0a74386ec7"
            },
            "dist": {
                "type": "zip",
                "url": "https://api.github.com/repos/symfony/process/zipball/4a959dd4e19c2c5d7512689413921e0a74386ec7",
                "reference": "4a959dd4e19c2c5d7512689413921e0a74386ec7",
                "shasum": ""
            },
            "require": {
                "php": ">=5.3.9"
            },
            "type": "library",
            "extra": {
                "branch-alias": {
                    "dev-master": "2.7-dev"
                }
            },
            "autoload": {
                "psr-4": {
                    "Symfony\\Component\\Process\\": ""
                }
            },
            "notification-url": "https://packagist.org/downloads/",
            "license": [
                "MIT"
            ],
            "authors": [
                {
                    "name": "Fabien Potencier",
                    "email": "fabien@symfony.com"
                },
                {
                    "name": "Symfony Community",
                    "homepage": "https://symfony.com/contributors"
                }
            ],
            "description": "Symfony Process Component",
            "homepage": "https://symfony.com",
            "time": "2015-10-23 14:47:27"
        },
        {
            "name": "symfony/yaml",
            "version": "v2.7.6",
            "source": {
                "type": "git",
                "url": "https://github.com/symfony/yaml.git",
                "reference": "eca9019c88fbe250164affd107bc8057771f3f4d"
            },
            "dist": {
                "type": "zip",
                "url": "https://api.github.com/repos/symfony/yaml/zipball/eca9019c88fbe250164affd107bc8057771f3f4d",
                "reference": "eca9019c88fbe250164affd107bc8057771f3f4d",
                "shasum": ""
            },
            "require": {
                "php": ">=5.3.9"
            },
            "type": "library",
            "extra": {
                "branch-alias": {
                    "dev-master": "2.7-dev"
                }
            },
            "autoload": {
                "psr-4": {
                    "Symfony\\Component\\Yaml\\": ""
                }
            },
            "notification-url": "https://packagist.org/downloads/",
            "license": [
                "MIT"
            ],
            "authors": [
                {
                    "name": "Fabien Potencier",
                    "email": "fabien@symfony.com"
                },
                {
                    "name": "Symfony Community",
                    "homepage": "https://symfony.com/contributors"
                }
            ],
            "description": "Symfony Yaml Component",
            "homepage": "https://symfony.com",
            "time": "2015-10-11 09:39:48"
        },
        {
            "name": "vierbergenlars/php-semver",
            "version": "3.0.1",
            "source": {
                "type": "git",
                "url": "https://github.com/vierbergenlars/php-semver.git",
                "reference": "516bb3061577e60e9420cbecc479362d3ad8c7f1"
            },
            "dist": {
                "type": "zip",
                "url": "https://api.github.com/repos/vierbergenlars/php-semver/zipball/516bb3061577e60e9420cbecc479362d3ad8c7f1",
                "reference": "516bb3061577e60e9420cbecc479362d3ad8c7f1",
                "shasum": ""
            },
            "require": {
                "php": ">=5.3.0"
            },
            "require-dev": {
                "simpletest/simpletest": "1.1.*"
            },
            "bin": [
                "bin/semver",
                "bin/update-versions"
            ],
            "type": "library",
            "autoload": {
                "psr-0": {
                    "vierbergenlars\\SemVer\\": "src/",
                    "vierbergenlars\\LibJs\\": "src/"
                },
                "classmap": [
                    "src/vierbergenlars/SemVer/internal.php"
                ]
            },
            "notification-url": "https://packagist.org/downloads/",
            "license": [
                "MIT"
            ],
            "authors": [
                {
                    "name": "Lars Vierbergen",
                    "email": "vierbergenlars@gmail.com"
                }
            ],
            "description": "The Semantic Versioner for PHP",
            "keywords": [
                "semantic",
                "semver",
                "versioning"
            ],
            "time": "2015-05-02 19:28:54"
        }
    ],
    "packages-dev": [],
    "aliases": [],
    "minimum-stability": "stable",
    "stability-flags": [],
    "prefer-stable": false,
    "prefer-lowest": false,
    "platform": [],
    "platform-dev": []
}
